// !$*UTF8*$!
{
	archiveVersion = 1;
	classes = {
	};
	objectVersion = 56;
	objects = {

/* Begin PBXBuildFile section */
		A010640F2C34F005001CF07E /* Fetch_RecipesApp.swift in Sources */ = {isa = PBXBuildFile; fileRef = A010640E2C34F005001CF07E /* Fetch_RecipesApp.swift */; };
		A01064112C34F005001CF07E /* DessertListView.swift in Sources */ = {isa = PBXBuildFile; fileRef = A01064102C34F005001CF07E /* DessertListView.swift */; };
		A01064132C34F00C001CF07E /* Assets.xcassets in Resources */ = {isa = PBXBuildFile; fileRef = A01064122C34F00C001CF07E /* Assets.xcassets */; };
		A01064172C34F00C001CF07E /* Preview Assets.xcassets in Resources */ = {isa = PBXBuildFile; fileRef = A01064162C34F00C001CF07E /* Preview Assets.xcassets */; };
		A01064212C34F00C001CF07E /* Fetch_RecipesTests.swift in Sources */ = {isa = PBXBuildFile; fileRef = A01064202C34F00C001CF07E /* Fetch_RecipesTests.swift */; };
		A010642B2C34F00C001CF07E /* Fetch_RecipesUITests.swift in Sources */ = {isa = PBXBuildFile; fileRef = A010642A2C34F00C001CF07E /* Fetch_RecipesUITests.swift */; };
		A010642D2C34F00C001CF07E /* Fetch_RecipesUITestsLaunchTests.swift in Sources */ = {isa = PBXBuildFile; fileRef = A010642C2C34F00C001CF07E /* Fetch_RecipesUITestsLaunchTests.swift */; };
		A0FE241E2C362A2E00F13C07 /* DessertAPICaller.swift in Sources */ = {isa = PBXBuildFile; fileRef = A0FE241D2C362A2E00F13C07 /* DessertAPICaller.swift */; };
		A0FE24202C362CD200F13C07 /* Dessert.swift in Sources */ = {isa = PBXBuildFile; fileRef = A0FE241F2C362CD200F13C07 /* Dessert.swift */; };
		A0FE24222C362DDA00F13C07 /* Recipe.swift in Sources */ = {isa = PBXBuildFile; fileRef = A0FE24212C362DDA00F13C07 /* Recipe.swift */; };
		A0FE24242C3633FD00F13C07 /* DessertViewModel.swift in Sources */ = {isa = PBXBuildFile; fileRef = A0FE24232C3633FD00F13C07 /* DessertViewModel.swift */; };
		A0FE24262C36D9ED00F13C07 /* DessertCardView.swift in Sources */ = {isa = PBXBuildFile; fileRef = A0FE24252C36D9ED00F13C07 /* DessertCardView.swift */; };
		A0FE24282C36E12C00F13C07 /* RecipeView.swift in Sources */ = {isa = PBXBuildFile; fileRef = A0FE24272C36E12C00F13C07 /* RecipeView.swift */; };
/* End PBXBuildFile section */

/* Begin PBXContainerItemProxy section */
		A010641D2C34F00C001CF07E /* PBXContainerItemProxy */ = {
			isa = PBXContainerItemProxy;
			containerPortal = A01064032C34F005001CF07E /* Project object */;
			proxyType = 1;
			remoteGlobalIDString = A010640A2C34F005001CF07E;
			remoteInfo = Fetch_Recipes;
		};
		A01064272C34F00C001CF07E /* PBXContainerItemProxy */ = {
			isa = PBXContainerItemProxy;
			containerPortal = A01064032C34F005001CF07E /* Project object */;
			proxyType = 1;
			remoteGlobalIDString = A010640A2C34F005001CF07E;
			remoteInfo = Fetch_Recipes;
		};
/* End PBXContainerItemProxy section */

/* Begin PBXFileReference section */
		A010640B2C34F005001CF07E /* Fetch_Recipes.app */ = {isa = PBXFileReference; explicitFileType = wrapper.application; includeInIndex = 0; path = Fetch_Recipes.app; sourceTree = BUILT_PRODUCTS_DIR; };
		A010640E2C34F005001CF07E /* Fetch_RecipesApp.swift */ = {isa = PBXFileReference; lastKnownFileType = sourcecode.swift; path = Fetch_RecipesApp.swift; sourceTree = "<group>"; };
		A01064102C34F005001CF07E /* DessertListView.swift */ = {isa = PBXFileReference; lastKnownFileType = sourcecode.swift; path = DessertListView.swift; sourceTree = "<group>"; };
		A01064122C34F00C001CF07E /* Assets.xcassets */ = {isa = PBXFileReference; lastKnownFileType = folder.assetcatalog; path = Assets.xcassets; sourceTree = "<group>"; };
		A01064142C34F00C001CF07E /* Fetch_Recipes.entitlements */ = {isa = PBXFileReference; lastKnownFileType = text.plist.entitlements; path = Fetch_Recipes.entitlements; sourceTree = "<group>"; };
		A01064162C34F00C001CF07E /* Preview Assets.xcassets */ = {isa = PBXFileReference; lastKnownFileType = folder.assetcatalog; path = "Preview Assets.xcassets"; sourceTree = "<group>"; };
		A010641C2C34F00C001CF07E /* Fetch_RecipesTests.xctest */ = {isa = PBXFileReference; explicitFileType = wrapper.cfbundle; includeInIndex = 0; path = Fetch_RecipesTests.xctest; sourceTree = BUILT_PRODUCTS_DIR; };
		A01064202C34F00C001CF07E /* Fetch_RecipesTests.swift */ = {isa = PBXFileReference; lastKnownFileType = sourcecode.swift; path = Fetch_RecipesTests.swift; sourceTree = "<group>"; };
		A01064262C34F00C001CF07E /* Fetch_RecipesUITests.xctest */ = {isa = PBXFileReference; explicitFileType = wrapper.cfbundle; includeInIndex = 0; path = Fetch_RecipesUITests.xctest; sourceTree = BUILT_PRODUCTS_DIR; };
		A010642A2C34F00C001CF07E /* Fetch_RecipesUITests.swift */ = {isa = PBXFileReference; lastKnownFileType = sourcecode.swift; path = Fetch_RecipesUITests.swift; sourceTree = "<group>"; };
		A010642C2C34F00C001CF07E /* Fetch_RecipesUITestsLaunchTests.swift */ = {isa = PBXFileReference; lastKnownFileType = sourcecode.swift; path = Fetch_RecipesUITestsLaunchTests.swift; sourceTree = "<group>"; };
		A0FE241D2C362A2E00F13C07 /* DessertAPICaller.swift */ = {isa = PBXFileReference; lastKnownFileType = sourcecode.swift; path = DessertAPICaller.swift; sourceTree = "<group>"; };
		A0FE241F2C362CD200F13C07 /* Dessert.swift */ = {isa = PBXFileReference; lastKnownFileType = sourcecode.swift; path = Dessert.swift; sourceTree = "<group>"; };
		A0FE24212C362DDA00F13C07 /* Recipe.swift */ = {isa = PBXFileReference; lastKnownFileType = sourcecode.swift; path = Recipe.swift; sourceTree = "<group>"; };
		A0FE24232C3633FD00F13C07 /* DessertViewModel.swift */ = {isa = PBXFileReference; lastKnownFileType = sourcecode.swift; path = DessertViewModel.swift; sourceTree = "<group>"; };
		A0FE24252C36D9ED00F13C07 /* DessertCardView.swift */ = {isa = PBXFileReference; lastKnownFileType = sourcecode.swift; path = DessertCardView.swift; sourceTree = "<group>"; };
		A0FE24272C36E12C00F13C07 /* RecipeView.swift */ = {isa = PBXFileReference; lastKnownFileType = sourcecode.swift; path = RecipeView.swift; sourceTree = "<group>"; };
/* End PBXFileReference section */

/* Begin PBXFrameworksBuildPhase section */
		A01064082C34F005001CF07E /* Frameworks */ = {
			isa = PBXFrameworksBuildPhase;
			buildActionMask = 2147483647;
			files = (
			);
			runOnlyForDeploymentPostprocessing = 0;
		};
		A01064192C34F00C001CF07E /* Frameworks */ = {
			isa = PBXFrameworksBuildPhase;
			buildActionMask = 2147483647;
			files = (
			);
			runOnlyForDeploymentPostprocessing = 0;
		};
		A01064232C34F00C001CF07E /* Frameworks */ = {
			isa = PBXFrameworksBuildPhase;
			buildActionMask = 2147483647;
			files = (
			);
			runOnlyForDeploymentPostprocessing = 0;
		};
/* End PBXFrameworksBuildPhase section */

/* Begin PBXGroup section */
		A01064022C34F005001CF07E = {
			isa = PBXGroup;
			children = (
				A010640D2C34F005001CF07E /* Fetch_Recipes */,
				A010641F2C34F00C001CF07E /* Fetch_RecipesTests */,
				A01064292C34F00C001CF07E /* Fetch_RecipesUITests */,
				A010640C2C34F005001CF07E /* Products */,
			);
			sourceTree = "<group>";
		};
		A010640C2C34F005001CF07E /* Products */ = {
			isa = PBXGroup;
			children = (
				A010640B2C34F005001CF07E /* Fetch_Recipes.app */,
				A010641C2C34F00C001CF07E /* Fetch_RecipesTests.xctest */,
				A01064262C34F00C001CF07E /* Fetch_RecipesUITests.xctest */,
			);
			name = Products;
			sourceTree = "<group>";
		};
		A010640D2C34F005001CF07E /* Fetch_Recipes */ = {
			isa = PBXGroup;
			children = (
				A010643B2C36267C001CF07E /* ViewModel */,
				A010643A2C362676001CF07E /* Models */,
				A01064392C362671001CF07E /* Views */,
				A010640E2C34F005001CF07E /* Fetch_RecipesApp.swift */,
				A01064122C34F00C001CF07E /* Assets.xcassets */,
				A01064142C34F00C001CF07E /* Fetch_Recipes.entitlements */,
				A01064152C34F00C001CF07E /* Preview Content */,
			);
			path = Fetch_Recipes;
			sourceTree = "<group>";
		};
		A01064152C34F00C001CF07E /* Preview Content */ = {
			isa = PBXGroup;
			children = (
				A01064162C34F00C001CF07E /* Preview Assets.xcassets */,
			);
			path = "Preview Content";
			sourceTree = "<group>";
		};
		A010641F2C34F00C001CF07E /* Fetch_RecipesTests */ = {
			isa = PBXGroup;
			children = (
				A01064202C34F00C001CF07E /* Fetch_RecipesTests.swift */,
			);
			path = Fetch_RecipesTests;
			sourceTree = "<group>";
		};
		A01064292C34F00C001CF07E /* Fetch_RecipesUITests */ = {
			isa = PBXGroup;
			children = (
				A010642A2C34F00C001CF07E /* Fetch_RecipesUITests.swift */,
				A010642C2C34F00C001CF07E /* Fetch_RecipesUITestsLaunchTests.swift */,
			);
			path = Fetch_RecipesUITests;
			sourceTree = "<group>";
		};
		A01064392C362671001CF07E /* Views */ = {
			isa = PBXGroup;
			children = (
				A01064102C34F005001CF07E /* DessertListView.swift */,
				A0FE24252C36D9ED00F13C07 /* DessertCardView.swift */,
				A0FE24272C36E12C00F13C07 /* RecipeView.swift */,
			);
			path = Views;
			sourceTree = "<group>";
		};
		A010643A2C362676001CF07E /* Models */ = {
			isa = PBXGroup;
			children = (
				A0FE241D2C362A2E00F13C07 /* DessertAPICaller.swift */,
				A0FE241F2C362CD200F13C07 /* Dessert.swift */,
				A0FE24212C362DDA00F13C07 /* Recipe.swift */,
			);
			path = Models;
			sourceTree = "<group>";
		};
		A010643B2C36267C001CF07E /* ViewModel */ = {
			isa = PBXGroup;
			children = (
				A0FE24232C3633FD00F13C07 /* DessertViewModel.swift */,
			);
			path = ViewModel;
			sourceTree = "<group>";
		};
/* End PBXGroup section */

/* Begin PBXNativeTarget section */
		A010640A2C34F005001CF07E /* Fetch_Recipes */ = {
			isa = PBXNativeTarget;
			buildConfigurationList = A01064302C34F00C001CF07E /* Build configuration list for PBXNativeTarget "Fetch_Recipes" */;
			buildPhases = (
				A01064072C34F005001CF07E /* Sources */,
				A01064082C34F005001CF07E /* Frameworks */,
				A01064092C34F005001CF07E /* Resources */,
			);
			buildRules = (
			);
			dependencies = (
			);
			name = Fetch_Recipes;
			productName = Fetch_Recipes;
			productReference = A010640B2C34F005001CF07E /* Fetch_Recipes.app */;
			productType = "com.apple.product-type.application";
		};
		A010641B2C34F00C001CF07E /* Fetch_RecipesTests */ = {
			isa = PBXNativeTarget;
			buildConfigurationList = A01064332C34F00C001CF07E /* Build configuration list for PBXNativeTarget "Fetch_RecipesTests" */;
			buildPhases = (
				A01064182C34F00C001CF07E /* Sources */,
				A01064192C34F00C001CF07E /* Frameworks */,
				A010641A2C34F00C001CF07E /* Resources */,
			);
			buildRules = (
			);
			dependencies = (
				A010641E2C34F00C001CF07E /* PBXTargetDependency */,
			);
			name = Fetch_RecipesTests;
			productName = Fetch_RecipesTests;
			productReference = A010641C2C34F00C001CF07E /* Fetch_RecipesTests.xctest */;
			productType = "com.apple.product-type.bundle.unit-test";
		};
		A01064252C34F00C001CF07E /* Fetch_RecipesUITests */ = {
			isa = PBXNativeTarget;
			buildConfigurationList = A01064362C34F00C001CF07E /* Build configuration list for PBXNativeTarget "Fetch_RecipesUITests" */;
			buildPhases = (
				A01064222C34F00C001CF07E /* Sources */,
				A01064232C34F00C001CF07E /* Frameworks */,
				A01064242C34F00C001CF07E /* Resources */,
			);
			buildRules = (
			);
			dependencies = (
				A01064282C34F00C001CF07E /* PBXTargetDependency */,
			);
			name = Fetch_RecipesUITests;
			productName = Fetch_RecipesUITests;
			productReference = A01064262C34F00C001CF07E /* Fetch_RecipesUITests.xctest */;
			productType = "com.apple.product-type.bundle.ui-testing";
		};
/* End PBXNativeTarget section */

/* Begin PBXProject section */
		A01064032C34F005001CF07E /* Project object */ = {
			isa = PBXProject;
			attributes = {
				BuildIndependentTargetsInParallel = 1;
				LastSwiftUpdateCheck = 1540;
				LastUpgradeCheck = 1540;
				TargetAttributes = {
					A010640A2C34F005001CF07E = {
						CreatedOnToolsVersion = 15.4;
					};
					A010641B2C34F00C001CF07E = {
						CreatedOnToolsVersion = 15.4;
						TestTargetID = A010640A2C34F005001CF07E;
					};
					A01064252C34F00C001CF07E = {
						CreatedOnToolsVersion = 15.4;
						TestTargetID = A010640A2C34F005001CF07E;
					};
				};
			};
			buildConfigurationList = A01064062C34F005001CF07E /* Build configuration list for PBXProject "Fetch_Recipes" */;
			compatibilityVersion = "Xcode 14.0";
			developmentRegion = en;
			hasScannedForEncodings = 0;
			knownRegions = (
				en,
				Base,
			);
			mainGroup = A01064022C34F005001CF07E;
			productRefGroup = A010640C2C34F005001CF07E /* Products */;
			projectDirPath = "";
			projectRoot = "";
			targets = (
				A010640A2C34F005001CF07E /* Fetch_Recipes */,
				A010641B2C34F00C001CF07E /* Fetch_RecipesTests */,
				A01064252C34F00C001CF07E /* Fetch_RecipesUITests */,
			);
		};
/* End PBXProject section */

/* Begin PBXResourcesBuildPhase section */
		A01064092C34F005001CF07E /* Resources */ = {
			isa = PBXResourcesBuildPhase;
			buildActionMask = 2147483647;
			files = (
				A01064172C34F00C001CF07E /* Preview Assets.xcassets in Resources */,
				A01064132C34F00C001CF07E /* Assets.xcassets in Resources */,
			);
			runOnlyForDeploymentPostprocessing = 0;
		};
		A010641A2C34F00C001CF07E /* Resources */ = {
			isa = PBXResourcesBuildPhase;
			buildActionMask = 2147483647;
			files = (
			);
			runOnlyForDeploymentPostprocessing = 0;
		};
		A01064242C34F00C001CF07E /* Resources */ = {
			isa = PBXResourcesBuildPhase;
			buildActionMask = 2147483647;
			files = (
			);
			runOnlyForDeploymentPostprocessing = 0;
		};
/* End PBXResourcesBuildPhase section */

/* Begin PBXSourcesBuildPhase section */
		A01064072C34F005001CF07E /* Sources */ = {
			isa = PBXSourcesBuildPhase;
			buildActionMask = 2147483647;
			files = (
				A0FE241E2C362A2E00F13C07 /* DessertAPICaller.swift in Sources */,
				A0FE24242C3633FD00F13C07 /* DessertViewModel.swift in Sources */,
				A01064112C34F005001CF07E /* DessertListView.swift in Sources */,
				A0FE24202C362CD200F13C07 /* Dessert.swift in Sources */,
				A0FE24262C36D9ED00F13C07 /* DessertCardView.swift in Sources */,
				A010640F2C34F005001CF07E /* Fetch_RecipesApp.swift in Sources */,
				A0FE24282C36E12C00F13C07 /* RecipeView.swift in Sources */,
				A0FE24222C362DDA00F13C07 /* Recipe.swift in Sources */,
			);
			runOnlyForDeploymentPostprocessing = 0;
		};
		A01064182C34F00C001CF07E /* Sources */ = {
			isa = PBXSourcesBuildPhase;
			buildActionMask = 2147483647;
			files = (
				A01064212C34F00C001CF07E /* Fetch_RecipesTests.swift in Sources */,
			);
			runOnlyForDeploymentPostprocessing = 0;
		};
		A01064222C34F00C001CF07E /* Sources */ = {
			isa = PBXSourcesBuildPhase;
			buildActionMask = 2147483647;
			files = (
				A010642B2C34F00C001CF07E /* Fetch_RecipesUITests.swift in Sources */,
				A010642D2C34F00C001CF07E /* Fetch_RecipesUITestsLaunchTests.swift in Sources */,
			);
			runOnlyForDeploymentPostprocessing = 0;
		};
/* End PBXSourcesBuildPhase section */

/* Begin PBXTargetDependency section */
		A010641E2C34F00C001CF07E /* PBXTargetDependency */ = {
			isa = PBXTargetDependency;
			target = A010640A2C34F005001CF07E /* Fetch_Recipes */;
			targetProxy = A010641D2C34F00C001CF07E /* PBXContainerItemProxy */;
		};
		A01064282C34F00C001CF07E /* PBXTargetDependency */ = {
			isa = PBXTargetDependency;
			target = A010640A2C34F005001CF07E /* Fetch_Recipes */;
			targetProxy = A01064272C34F00C001CF07E /* PBXContainerItemProxy */;
		};
/* End PBXTargetDependency section */

/* Begin XCBuildConfiguration section */
		A010642E2C34F00C001CF07E /* Debug */ = {
			isa = XCBuildConfiguration;
			buildSettings = {
				ALWAYS_SEARCH_USER_PATHS = NO;
				ASSETCATALOG_COMPILER_GENERATE_SWIFT_ASSET_SYMBOL_EXTENSIONS = YES;
				CLANG_ANALYZER_NONNULL = YES;
				CLANG_ANALYZER_NUMBER_OBJECT_CONVERSION = YES_AGGRESSIVE;
				CLANG_CXX_LANGUAGE_STANDARD = "gnu++20";
				CLANG_ENABLE_MODULES = YES;
				CLANG_ENABLE_OBJC_ARC = YES;
				CLANG_ENABLE_OBJC_WEAK = YES;
				CLANG_WARN_BLOCK_CAPTURE_AUTORELEASING = YES;
				CLANG_WARN_BOOL_CONVERSION = YES;
				CLANG_WARN_COMMA = YES;
				CLANG_WARN_CONSTANT_CONVERSION = YES;
				CLANG_WARN_DEPRECATED_OBJC_IMPLEMENTATIONS = YES;
				CLANG_WARN_DIRECT_OBJC_ISA_USAGE = YES_ERROR;
				CLANG_WARN_DOCUMENTATION_COMMENTS = YES;
				CLANG_WARN_EMPTY_BODY = YES;
				CLANG_WARN_ENUM_CONVERSION = YES;
				CLANG_WARN_INFINITE_RECURSION = YES;
				CLANG_WARN_INT_CONVERSION = YES;
				CLANG_WARN_NON_LITERAL_NULL_CONVERSION = YES;
				CLANG_WARN_OBJC_IMPLICIT_RETAIN_SELF = YES;
				CLANG_WARN_OBJC_LITERAL_CONVERSION = YES;
				CLANG_WARN_OBJC_ROOT_CLASS = YES_ERROR;
				CLANG_WARN_QUOTED_INCLUDE_IN_FRAMEWORK_HEADER = YES;
				CLANG_WARN_RANGE_LOOP_ANALYSIS = YES;
				CLANG_WARN_STRICT_PROTOTYPES = YES;
				CLANG_WARN_SUSPICIOUS_MOVE = YES;
				CLANG_WARN_UNGUARDED_AVAILABILITY = YES_AGGRESSIVE;
				CLANG_WARN_UNREACHABLE_CODE = YES;
				CLANG_WARN__DUPLICATE_METHOD_MATCH = YES;
				COPY_PHASE_STRIP = NO;
				DEBUG_INFORMATION_FORMAT = dwarf;
				ENABLE_STRICT_OBJC_MSGSEND = YES;
				ENABLE_TESTABILITY = YES;
				ENABLE_USER_SCRIPT_SANDBOXING = YES;
				GCC_C_LANGUAGE_STANDARD = gnu17;
				GCC_DYNAMIC_NO_PIC = NO;
				GCC_NO_COMMON_BLOCKS = YES;
				GCC_OPTIMIZATION_LEVEL = 0;
				GCC_PREPROCESSOR_DEFINITIONS = (
					"DEBUG=1",
					"$(inherited)",
				);
				GCC_WARN_64_TO_32_BIT_CONVERSION = YES;
				GCC_WARN_ABOUT_RETURN_TYPE = YES_ERROR;
				GCC_WARN_UNDECLARED_SELECTOR = YES;
				GCC_WARN_UNINITIALIZED_AUTOS = YES_AGGRESSIVE;
				GCC_WARN_UNUSED_FUNCTION = YES;
				GCC_WARN_UNUSED_VARIABLE = YES;
				LOCALIZATION_PREFERS_STRING_CATALOGS = YES;
				MTL_ENABLE_DEBUG_INFO = INCLUDE_SOURCE;
				MTL_FAST_MATH = YES;
				ONLY_ACTIVE_ARCH = YES;
				SWIFT_ACTIVE_COMPILATION_CONDITIONS = "DEBUG $(inherited)";
				SWIFT_OPTIMIZATION_LEVEL = "-Onone";
			};
			name = Debug;
		};
		A010642F2C34F00C001CF07E /* Release */ = {
			isa = XCBuildConfiguration;
			buildSettings = {
				ALWAYS_SEARCH_USER_PATHS = NO;
				ASSETCATALOG_COMPILER_GENERATE_SWIFT_ASSET_SYMBOL_EXTENSIONS = YES;
				CLANG_ANALYZER_NONNULL = YES;
				CLANG_ANALYZER_NUMBER_OBJECT_CONVERSION = YES_AGGRESSIVE;
				CLANG_CXX_LANGUAGE_STANDARD = "gnu++20";
				CLANG_ENABLE_MODULES = YES;
				CLANG_ENABLE_OBJC_ARC = YES;
				CLANG_ENABLE_OBJC_WEAK = YES;
				CLANG_WARN_BLOCK_CAPTURE_AUTORELEASING = YES;
				CLANG_WARN_BOOL_CONVERSION = YES;
				CLANG_WARN_COMMA = YES;
				CLANG_WARN_CONSTANT_CONVERSION = YES;
				CLANG_WARN_DEPRECATED_OBJC_IMPLEMENTATIONS = YES;
				CLANG_WARN_DIRECT_OBJC_ISA_USAGE = YES_ERROR;
				CLANG_WARN_DOCUMENTATION_COMMENTS = YES;
				CLANG_WARN_EMPTY_BODY = YES;
				CLANG_WARN_ENUM_CONVERSION = YES;
				CLANG_WARN_INFINITE_RECURSION = YES;
				CLANG_WARN_INT_CONVERSION = YES;
				CLANG_WARN_NON_LITERAL_NULL_CONVERSION = YES;
				CLANG_WARN_OBJC_IMPLICIT_RETAIN_SELF = YES;
				CLANG_WARN_OBJC_LITERAL_CONVERSION = YES;
				CLANG_WARN_OBJC_ROOT_CLASS = YES_ERROR;
				CLANG_WARN_QUOTED_INCLUDE_IN_FRAMEWORK_HEADER = YES;
				CLANG_WARN_RANGE_LOOP_ANALYSIS = YES;
				CLANG_WARN_STRICT_PROTOTYPES = YES;
				CLANG_WARN_SUSPICIOUS_MOVE = YES;
				CLANG_WARN_UNGUARDED_AVAILABILITY = YES_AGGRESSIVE;
				CLANG_WARN_UNREACHABLE_CODE = YES;
				CLANG_WARN__DUPLICATE_METHOD_MATCH = YES;
				COPY_PHASE_STRIP = NO;
				DEBUG_INFORMATION_FORMAT = "dwarf-with-dsym";
				ENABLE_NS_ASSERTIONS = NO;
				ENABLE_STRICT_OBJC_MSGSEND = YES;
				ENABLE_USER_SCRIPT_SANDBOXING = YES;
				GCC_C_LANGUAGE_STANDARD = gnu17;
				GCC_NO_COMMON_BLOCKS = YES;
				GCC_WARN_64_TO_32_BIT_CONVERSION = YES;
				GCC_WARN_ABOUT_RETURN_TYPE = YES_ERROR;
				GCC_WARN_UNDECLARED_SELECTOR = YES;
				GCC_WARN_UNINITIALIZED_AUTOS = YES_AGGRESSIVE;
				GCC_WARN_UNUSED_FUNCTION = YES;
				GCC_WARN_UNUSED_VARIABLE = YES;
				LOCALIZATION_PREFERS_STRING_CATALOGS = YES;
				MTL_ENABLE_DEBUG_INFO = NO;
				MTL_FAST_MATH = YES;
				SWIFT_COMPILATION_MODE = wholemodule;
			};
			name = Release;
		};
		A01064312C34F00C001CF07E /* Debug */ = {
			isa = XCBuildConfiguration;
			buildSettings = {
				ASSETCATALOG_COMPILER_APPICON_NAME = AppIcon;
				ASSETCATALOG_COMPILER_GLOBAL_ACCENT_COLOR_NAME = AccentColor;
				CODE_SIGN_ENTITLEMENTS = Fetch_Recipes/Fetch_Recipes.entitlements;
				CODE_SIGN_STYLE = Automatic;
				CURRENT_PROJECT_VERSION = 1;
				DEVELOPMENT_ASSET_PATHS = "\"Fetch_Recipes/Preview Content\"";
				ENABLE_PREVIEWS = YES;
				GENERATE_INFOPLIST_FILE = YES;
				"INFOPLIST_KEY_UIApplicationSceneManifest_Generation[sdk=iphoneos*]" = YES;
				"INFOPLIST_KEY_UIApplicationSceneManifest_Generation[sdk=iphonesimulator*]" = YES;
				"INFOPLIST_KEY_UIApplicationSupportsIndirectInputEvents[sdk=iphoneos*]" = YES;
				"INFOPLIST_KEY_UIApplicationSupportsIndirectInputEvents[sdk=iphonesimulator*]" = YES;
				"INFOPLIST_KEY_UILaunchScreen_Generation[sdk=iphoneos*]" = YES;
				"INFOPLIST_KEY_UILaunchScreen_Generation[sdk=iphonesimulator*]" = YES;
				"INFOPLIST_KEY_UIStatusBarStyle[sdk=iphoneos*]" = UIStatusBarStyleDefault;
				"INFOPLIST_KEY_UIStatusBarStyle[sdk=iphonesimulator*]" = UIStatusBarStyleDefault;
				INFOPLIST_KEY_UISupportedInterfaceOrientations_iPad = "UIInterfaceOrientationPortrait UIInterfaceOrientationPortraitUpsideDown UIInterfaceOrientationLandscapeLeft UIInterfaceOrientationLandscapeRight";
				INFOPLIST_KEY_UISupportedInterfaceOrientations_iPhone = "UIInterfaceOrientationPortrait UIInterfaceOrientationLandscapeLeft UIInterfaceOrientationLandscapeRight";
				IPHONEOS_DEPLOYMENT_TARGET = 17.5;
				LD_RUNPATH_SEARCH_PATHS = "@executable_path/Frameworks";
				"LD_RUNPATH_SEARCH_PATHS[sdk=macosx*]" = "@executable_path/../Frameworks";
				MACOSX_DEPLOYMENT_TARGET = 14.5;
				MARKETING_VERSION = 1.0;
				PRODUCT_BUNDLE_IDENTIFIER = "mitchellmiles.Fetch-Recipes";
				PRODUCT_NAME = "$(TARGET_NAME)";
				SDKROOT = auto;
				SUPPORTED_PLATFORMS = "iphoneos iphonesimulator macosx";
				SWIFT_EMIT_LOC_STRINGS = YES;
				SWIFT_VERSION = 5.0;
				TARGETED_DEVICE_FAMILY = "1,2";
			};
			name = Debug;
		};
		A01064322C34F00C001CF07E /* Release */ = {
			isa = XCBuildConfiguration;
			buildSettings = {
				ASSETCATALOG_COMPILER_APPICON_NAME = AppIcon;
				ASSETCATALOG_COMPILER_GLOBAL_ACCENT_COLOR_NAME = AccentColor;
				CODE_SIGN_ENTITLEMENTS = Fetch_Recipes/Fetch_Recipes.entitlements;
				CODE_SIGN_STYLE = Automatic;
				CURRENT_PROJECT_VERSION = 1;
				DEVELOPMENT_ASSET_PATHS = "\"Fetch_Recipes/Preview Content\"";
				ENABLE_PREVIEWS = YES;
				GENERATE_INFOPLIST_FILE = YES;
				"INFOPLIST_KEY_UIApplicationSceneManifest_Generation[sdk=iphoneos*]" = YES;
				"INFOPLIST_KEY_UIApplicationSceneManifest_Generation[sdk=iphonesimulator*]" = YES;
				"INFOPLIST_KEY_UIApplicationSupportsIndirectInputEvents[sdk=iphoneos*]" = YES;
				"INFOPLIST_KEY_UIApplicationSupportsIndirectInputEvents[sdk=iphonesimulator*]" = YES;
				"INFOPLIST_KEY_UILaunchScreen_Generation[sdk=iphoneos*]" = YES;
				"INFOPLIST_KEY_UILaunchScreen_Generation[sdk=iphonesimulator*]" = YES;
				"INFOPLIST_KEY_UIStatusBarStyle[sdk=iphoneos*]" = UIStatusBarStyleDefault;
				"INFOPLIST_KEY_UIStatusBarStyle[sdk=iphonesimulator*]" = UIStatusBarStyleDefault;
				INFOPLIST_KEY_UISupportedInterfaceOrientations_iPad = "UIInterfaceOrientationPortrait UIInterfaceOrientationPortraitUpsideDown UIInterfaceOrientationLandscapeLeft UIInterfaceOrientationLandscapeRight";
				INFOPLIST_KEY_UISupportedInterfaceOrientations_iPhone = "UIInterfaceOrientationPortrait UIInterfaceOrientationLandscapeLeft UIInterfaceOrientationLandscapeRight";
				IPHONEOS_DEPLOYMENT_TARGET = 17.5;
				LD_RUNPATH_SEARCH_PATHS = "@executable_path/Frameworks";
				"LD_RUNPATH_SEARCH_PATHS[sdk=macosx*]" = "@executable_path/../Frameworks";
				MACOSX_DEPLOYMENT_TARGET = 14.5;
				MARKETING_VERSION = 1.0;
				PRODUCT_BUNDLE_IDENTIFIER = "mitchellmiles.Fetch-Recipes";
				PRODUCT_NAME = "$(TARGET_NAME)";
				SDKROOT = auto;
				SUPPORTED_PLATFORMS = "iphoneos iphonesimulator macosx";
				SWIFT_EMIT_LOC_STRINGS = YES;
				SWIFT_VERSION = 5.0;
				TARGETED_DEVICE_FAMILY = "1,2";
			};
			name = Release;
		};
		A01064342C34F00C001CF07E /* Debug */ = {
			isa = XCBuildConfiguration;
			buildSettings = {
				ALWAYS_EMBED_SWIFT_STANDARD_LIBRARIES = YES;
				BUNDLE_LOADER = "$(TEST_HOST)";
				CODE_SIGN_STYLE = Automatic;
				CURRENT_PROJECT_VERSION = 1;
				GENERATE_INFOPLIST_FILE = YES;
				IPHONEOS_DEPLOYMENT_TARGET = 17.5;
				MACOSX_DEPLOYMENT_TARGET = 14.5;
				MARKETING_VERSION = 1.0;
				PRODUCT_BUNDLE_IDENTIFIER = "mitchellmiles.Fetch-RecipesTests";
				PRODUCT_NAME = "$(TARGET_NAME)";
				SDKROOT = auto;
				SUPPORTED_PLATFORMS = "iphoneos iphonesimulator macosx";
				SWIFT_EMIT_LOC_STRINGS = NO;
				SWIFT_VERSION = 5.0;
				TARGETED_DEVICE_FAMILY = "1,2";
				TEST_HOST = "$(BUILT_PRODUCTS_DIR)/Fetch_Recipes.app/$(BUNDLE_EXECUTABLE_FOLDER_PATH)/Fetch_Recipes";
			};
			name = Debug;
		};
		A01064352C34F00C001CF07E /* Release */ = {
			isa = XCBuildConfiguration;
			buildSettings = {
				ALWAYS_EMBED_SWIFT_STANDARD_LIBRARIES = YES;
				BUNDLE_LOADER = "$(TEST_HOST)";
				CODE_SIGN_STYLE = Automatic;
				CURRENT_PROJECT_VERSION = 1;
				GENERATE_INFOPLIST_FILE = YES;
				IPHONEOS_DEPLOYMENT_TARGET = 17.5;
				MACOSX_DEPLOYMENT_TARGET = 14.5;
				MARKETING_VERSION = 1.0;
				PRODUCT_BUNDLE_IDENTIFIER = "mitchellmiles.Fetch-RecipesTests";
				PRODUCT_NAME = "$(TARGET_NAME)";
				SDKROOT = auto;
				SUPPORTED_PLATFORMS = "iphoneos iphonesimulator macosx";
				SWIFT_EMIT_LOC_STRINGS = NO;
				SWIFT_VERSION = 5.0;
				TARGETED_DEVICE_FAMILY = "1,2";
				TEST_HOST = "$(BUILT_PRODUCTS_DIR)/Fetch_Recipes.app/$(BUNDLE_EXECUTABLE_FOLDER_PATH)/Fetch_Recipes";
			};
			name = Release;
		};
		A01064372C34F00C001CF07E /* Debug */ = {
			isa = XCBuildConfiguration;
			buildSettings = {
				ALWAYS_EMBED_SWIFT_STANDARD_LIBRARIES = YES;
				CODE_SIGN_STYLE = Automatic;
				CURRENT_PROJECT_VERSION = 1;
				GENERATE_INFOPLIST_FILE = YES;
				IPHONEOS_DEPLOYMENT_TARGET = 17.5;
				MACOSX_DEPLOYMENT_TARGET = 14.5;
				MARKETING_VERSION = 1.0;
				PRODUCT_BUNDLE_IDENTIFIER = "mitchellmiles.Fetch-RecipesUITests";
				PRODUCT_NAME = "$(TARGET_NAME)";
				SDKROOT = auto;
				SUPPORTED_PLATFORMS = "iphoneos iphonesimulator macosx";
				SWIFT_EMIT_LOC_STRINGS = NO;
				SWIFT_VERSION = 5.0;
				TARGETED_DEVICE_FAMILY = "1,2";
				TEST_TARGET_NAME = Fetch_Recipes;
			};
			name = Debug;
		};
		A01064382C34F00C001CF07E /* Release */ = {
			isa = XCBuildConfiguration;
			buildSettings = {
				ALWAYS_EMBED_SWIFT_STANDARD_LIBRARIES = YES;
				CODE_SIGN_STYLE = Automatic;
				CURRENT_PROJECT_VERSION = 1;
				GENERATE_INFOPLIST_FILE = YES;
				IPHONEOS_DEPLOYMENT_TARGET = 17.5;
				MACOSX_DEPLOYMENT_TARGET = 14.5;
				MARKETING_VERSION = 1.0;
				PRODUCT_BUNDLE_IDENTIFIER = "mitchellmiles.Fetch-RecipesUITests";
				PRODUCT_NAME = "$(TARGET_NAME)";
				SDKROOT = auto;
				SUPPORTED_PLATFORMS = "iphoneos iphonesimulator macosx";
				SWIFT_EMIT_LOC_STRINGS = NO;
				SWIFT_VERSION = 5.0;
				TARGETED_DEVICE_FAMILY = "1,2";
				TEST_TARGET_NAME = Fetch_Recipes;
			};
			name = Release;
		};
/* End XCBuildConfiguration section */

/* Begin XCConfigurationList section */
		A01064062C34F005001CF07E /* Build configuration list for PBXProject "Fetch_Recipes" */ = {
			isa = XCConfigurationList;
			buildConfigurations = (
				A010642E2C34F00C001CF07E /* Debug */,
				A010642F2C34F00C001CF07E /* Release */,
			);
			defaultConfigurationIsVisible = 0;
			defaultConfigurationName = Release;
		};
		A01064302C34F00C001CF07E /* Build configuration list for PBXNativeTarget "Fetch_Recipes" */ = {
			isa = XCConfigurationList;
			buildConfigurations = (
				A01064312C34F00C001CF07E /* Debug */,
				A01064322C34F00C001CF07E /* Release */,
			);
			defaultConfigurationIsVisible = 0;
			defaultConfigurationName = Release;
		};
		A01064332C34F00C001CF07E /* Build configuration list for PBXNativeTarget "Fetch_RecipesTests" */ = {
			isa = XCConfigurationList;
			buildConfigurations = (
				A01064342C34F00C001CF07E /* Debug */,
				A01064352C34F00C001CF07E /* Release */,
			);
			defaultConfigurationIsVisible = 0;
			defaultConfigurationName = Release;
		};
		A01064362C34F00C001CF07E /* Build configuration list for PBXNativeTarget "Fetch_RecipesUITests" */ = {
			isa = XCConfigurationList;
			buildConfigurations = (
				A01064372C34F00C001CF07E /* Debug */,
				A01064382C34F00C001CF07E /* Release */,
			);
			defaultConfigurationIsVisible = 0;
			defaultConfigurationName = Release;
		};
/* End XCConfigurationList section */
	};
	rootObject = A01064032C34F005001CF07E /* Project object */;
}
